
Microsoft Visual Studio Solution File, Format Version 12.00
# Visual Studio 15
VisualStudioVersion = 15.0.27004.2008
MinimumVisualStudioVersion = 10.0.40219.1
Project("{FAE04EC0-301F-11D3-BF4B-00C04F79EFBC}") = "GymFit.Android", "GymFit\GymFit.Android\GymFit.Android.csproj", "{8442441C-4A2D-4ACF-9DA3-BD0D6B02ADDF}"
EndProject
Project("{FAE04EC0-301F-11D3-BF4B-00C04F79EFBC}") = "GymFit", "GymFit\GymFit\GymFit.csproj", "{55134E25-935A-482F-BA33-E8BE21FC9396}"
EndProject
Project("{FAE04EC0-301F-11D3-BF4B-00C04F79EFBC}") = "GymFit.iOS", "GymFit\GymFit.iOS\GymFit.iOS.csproj", "{1756D51F-7E0B-4201-9B22-490048CCBF6F}"
EndProject
Global
	GlobalSection(SolutionConfigurationPlatforms) = preSolution
		Ad-Hoc|Any CPU = Ad-Hoc|Any CPU
		Ad-Hoc|iPhone = Ad-Hoc|iPhone
		Ad-Hoc|iPhoneSimulator = Ad-Hoc|iPhoneSimulator
		AppStore|Any CPU = AppStore|Any CPU
		AppStore|iPhone = AppStore|iPhone
		AppStore|iPhoneSimulator = AppStore|iPhoneSimulator
		Debug|Any CPU = Debug|Any CPU
		Debug|iPhone = Debug|iPhone
		Debug|iPhoneSimulator = Debug|iPhoneSimulator
		Release|Any CPU = Release|Any CPU
		Release|iPhone = Release|iPhone
		Release|iPhoneSimulator = Release|iPhoneSimulator
	EndGlobalSection
	GlobalSection(ProjectConfigurationPlatforms) = postSolution
		{8442441C-4A2D-4ACF-9DA3-BD0D6B02ADDF}.Ad-Hoc|Any CPU.ActiveCfg = Release|Any CPU
		{8442441C-4A2D-4ACF-9DA3-BD0D6B02ADDF}.Ad-Hoc|Any CPU.Build.0 = Release|Any CPU
		{8442441C-4A2D-4ACF-9DA3-BD0D6B02ADDF}.Ad-Hoc|Any CPU.Deploy.0 = Release|Any CPU
		{8442441C-4A2D-4ACF-9DA3-BD0D6B02ADDF}.Ad-Hoc|iPhone.ActiveCfg = Release|Any CPU
		{8442441C-4A2D-4ACF-9DA3-BD0D6B02ADDF}.Ad-Hoc|iPhone.Build.0 = Release|Any CPU
		{8442441C-4A2D-4ACF-9DA3-BD0D6B02ADDF}.Ad-Hoc|iPhone.Deploy.0 = Release|Any CPU
		{8442441C-4A2D-4ACF-9DA3-BD0D6B02ADDF}.Ad-Hoc|iPhoneSimulator.ActiveCfg = Release|Any CPU
		{8442441C-4A2D-4ACF-9DA3-BD0D6B02ADDF}.Ad-Hoc|iPhoneSimulator.Build.0 = Release|Any CPU
		{8442441C-4A2D-4ACF-9DA3-BD0D6B02ADDF}.Ad-Hoc|iPhoneSimulator.Deploy.0 = Release|Any CPU
		{8442441C-4A2D-4ACF-9DA3-BD0D6B02ADDF}.AppStore|Any CPU.ActiveCfg = Release|Any CPU
		{8442441C-4A2D-4ACF-9DA3-BD0D6B02ADDF}.AppStore|Any CPU.Build.0 = Release|Any CPU
		{8442441C-4A2D-4ACF-9DA3-BD0D6B02ADDF}.AppStore|Any CPU.Deploy.0 = Release|Any CPU
		{8442441C-4A2D-4ACF-9DA3-BD0D6B02ADDF}.AppStore|iPhone.ActiveCfg = Release|Any CPU
		{8442441C-4A2D-4ACF-9DA3-BD0D6B02ADDF}.AppStore|iPhone.Build.0 = Release|Any CPU
		{8442441C-4A2D-4ACF-9DA3-BD0D6B02ADDF}.AppStore|iPhone.Deploy.0 = Release|Any CPU
		{8442441C-4A2D-4ACF-9DA3-BD0D6B02ADDF}.AppStore|iPhoneSimulator.ActiveCfg = Release|Any CPU
		{8442441C-4A2D-4ACF-9DA3-BD0D6B02ADDF}.AppStore|iPhoneSimulator.Build.0 = Release|Any CPU
		{8442441C-4A2D-4ACF-9DA3-BD0D6B02ADDF}.AppStore|iPhoneSimulator.Deploy.0 = Release|Any CPU
		{8442441C-4A2D-4ACF-9DA3-BD0D6B02ADDF}.Debug|Any CPU.ActiveCfg = Debug|Any CPU
		{8442441C-4A2D-4ACF-9DA3-BD0D6B02ADDF}.Debug|Any CPU.Build.0 = Debug|Any CPU
		{8442441C-4A2D-4ACF-9DA3-BD0D6B02ADDF}.Debug|Any CPU.Deploy.0 = Debug|Any CPU
		{8442441C-4A2D-4ACF-9DA3-BD0D6B02ADDF}.Debug|iPhone.ActiveCfg = Debug|Any CPU
		{8442441C-4A2D-4ACF-9DA3-BD0D6B02ADDF}.Debug|iPhone.Build.0 = Debug|Any CPU
		{8442441C-4A2D-4ACF-9DA3-BD0D6B02ADDF}.Debug|iPhone.Deploy.0 = Debug|Any CPU
		{8442441C-4A2D-4ACF-9DA3-BD0D6B02ADDF}.Debug|iPhoneSimulator.ActiveCfg = Debug|Any CPU
		{8442441C-4A2D-4ACF-9DA3-BD0D6B02ADDF}.Debug|iPhoneSimulator.Build.0 = Debug|Any CPU
		{8442441C-4A2D-4ACF-9DA3-BD0D6B02ADDF}.Debug|iPhoneSimulator.Deploy.0 = Debug|Any CPU
		{8442441C-4A2D-4ACF-9DA3-BD0D6B02ADDF}.Release|Any CPU.ActiveCfg = Release|Any CPU
		{8442441C-4A2D-4ACF-9DA3-BD0D6B02ADDF}.Release|Any CPU.Build.0 = Release|Any CPU
		{8442441C-4A2D-4ACF-9DA3-BD0D6B02ADDF}.Release|Any CPU.Deploy.0 = Release|Any CPU
		{8442441C-4A2D-4ACF-9DA3-BD0D6B02ADDF}.Release|iPhone.ActiveCfg = Release|Any CPU
		{8442441C-4A2D-4ACF-9DA3-BD0D6B02ADDF}.Release|iPhone.Build.0 = Release|Any CPU
		{8442441C-4A2D-4ACF-9DA3-BD0D6B02ADDF}.Release|iPhone.Deploy.0 = Release|Any CPU
		{8442441C-4A2D-4ACF-9DA3-BD0D6B02ADDF}.Release|iPhoneSimulator.ActiveCfg = Release|Any CPU
		{8442441C-4A2D-4ACF-9DA3-BD0D6B02ADDF}.Release|iPhoneSimulator.Build.0 = Release|Any CPU
		{8442441C-4A2D-4ACF-9DA3-BD0D6B02ADDF}.Release|iPhoneSimulator.Deploy.0 = Release|Any CPU
		{55134E25-935A-482F-BA33-E8BE21FC9396}.Ad-Hoc|Any CPU.ActiveCfg = Release|Any CPU
		{55134E25-935A-482F-BA33-E8BE21FC9396}.Ad-Hoc|Any CPU.Build.0 = Release|Any CPU
		{55134E25-935A-482F-BA33-E8BE21FC9396}.Ad-Hoc|iPhone.ActiveCfg = Release|Any CPU
		{55134E25-935A-482F-BA33-E8BE21FC9396}.Ad-Hoc|iPhone.Build.0 = Release|Any CPU
		{55134E25-935A-482F-BA33-E8BE21FC9396}.Ad-Hoc|iPhoneSimulator.ActiveCfg = Release|Any CPU
		{55134E25-935A-482F-BA33-E8BE21FC9396}.Ad-Hoc|iPhoneSimulator.Build.0 = Release|Any CPU
		{55134E25-935A-482F-BA33-E8BE21FC9396}.AppStore|Any CPU.ActiveCfg = Release|Any CPU
		{55134E25-935A-482F-BA33-E8BE21FC9396}.AppStore|Any CPU.Build.0 = Release|Any CPU
		{55134E25-935A-482F-BA33-E8BE21FC9396}.AppStore|iPhone.ActiveCfg = Release|Any CPU
		{55134E25-935A-482F-BA33-E8BE21FC9396}.AppStore|iPhone.Build.0 = Release|Any CPU
		{55134E25-935A-482F-BA33-E8BE21FC9396}.AppStore|iPhoneSimulator.ActiveCfg = Release|Any CPU
		{55134E25-935A-482F-BA33-E8BE21FC9396}.AppStore|iPhoneSimulator.Build.0 = Release|Any CPU
		{55134E25-935A-482F-BA33-E8BE21FC9396}.Debug|Any CPU.ActiveCfg = Debug|Any CPU
		{55134E25-935A-482F-BA33-E8BE21FC9396}.Debug|Any CPU.Build.0 = Debug|Any CPU
		{55134E25-935A-482F-BA33-E8BE21FC9396}.Debug|iPhone.ActiveCfg = Debug|Any CPU
		{55134E25-935A-482F-BA33-E8BE21FC9396}.Debug|iPhone.Build.0 = Debug|Any CPU
		{55134E25-935A-482F-BA33-E8BE21FC9396}.Debug|iPhoneSimulator.ActiveCfg = Debug|Any CPU
		{55134E25-935A-482F-BA33-E8BE21FC9396}.Debug|iPhoneSimulator.Build.0 = Debug|Any CPU
		{55134E25-935A-482F-BA33-E8BE21FC9396}.Release|Any CPU.ActiveCfg = Release|Any CPU
		{55134E25-935A-482F-BA33-E8BE21FC9396}.Release|Any CPU.Build.0 = Release|Any CPU
		{55134E25-935A-482F-BA33-E8BE21FC9396}.Release|iPhone.ActiveCfg = Release|Any CPU
		{55134E25-935A-482F-BA33-E8BE21FC9396}.Release|iPhone.Build.0 = Release|Any CPU
		{55134E25-935A-482F-BA33-E8BE21FC9396}.Release|iPhoneSimulator.ActiveCfg = Release|Any CPU
		{55134E25-935A-482F-BA33-E8BE21FC9396}.Release|iPhoneSimulator.Build.0 = Release|Any CPU
		{1756D51F-7E0B-4201-9B22-490048CCBF6F}.Ad-Hoc|Any CPU.ActiveCfg = Ad-Hoc|iPhoneSimulator
		{1756D51F-7E0B-4201-9B22-490048CCBF6F}.Ad-Hoc|iPhone.ActiveCfg = Ad-Hoc|iPhone
		{1756D51F-7E0B-4201-9B22-490048CCBF6F}.Ad-Hoc|iPhone.Build.0 = Ad-Hoc|iPhone
		{1756D51F-7E0B-4201-9B22-490048CCBF6F}.Ad-Hoc|iPhoneSimulator.ActiveCfg = Ad-Hoc|iPhoneSimulator
		{1756D51F-7E0B-4201-9B22-490048CCBF6F}.Ad-Hoc|iPhoneSimulator.Build.0 = Ad-Hoc|iPhoneSimulator
		{1756D51F-7E0B-4201-9B22-490048CCBF6F}.AppStore|Any CPU.ActiveCfg = AppStore|iPhoneSimulator
		{1756D51F-7E0B-4201-9B22-490048CCBF6F}.AppStore|iPhone.ActiveCfg = AppStore|iPhone
		{1756D51F-7E0B-4201-9B22-490048CCBF6F}.AppStore|iPhone.Build.0 = AppStore|iPhone
		{1756D51F-7E0B-4201-9B22-490048CCBF6F}.AppStore|iPhoneSimulator.ActiveCfg = AppStore|iPhoneSimulator
		{1756D51F-7E0B-4201-9B22-490048CCBF6F}.AppStore|iPhoneSimulator.Build.0 = AppStore|iPhoneSimulator
		{1756D51F-7E0B-4201-9B22-490048CCBF6F}.Debug|Any CPU.ActiveCfg = Debug|iPhoneSimulator
		{1756D51F-7E0B-4201-9B22-490048CCBF6F}.Debug|iPhone.ActiveCfg = Debug|iPhone
		{1756D51F-7E0B-4201-9B22-490048CCBF6F}.Debug|iPhone.Build.0 = Debug|iPhone
		{1756D51F-7E0B-4201-9B22-490048CCBF6F}.Debug|iPhoneSimulator.ActiveCfg = Debug|iPhoneSimulator
		{1756D51F-7E0B-4201-9B22-490048CCBF6F}.Debug|iPhoneSimulator.Build.0 = Debug|iPhoneSimulator
		{1756D51F-7E0B-4201-9B22-490048CCBF6F}.Release|Any CPU.ActiveCfg = Release|iPhoneSimulator
		{1756D51F-7E0B-4201-9B22-490048CCBF6F}.Release|iPhone.ActiveCfg = Release|iPhone
		{1756D51F-7E0B-4201-9B22-490048CCBF6F}.Release|iPhone.Build.0 = Release|iPhone
		{1756D51F-7E0B-4201-9B22-490048CCBF6F}.Release|iPhoneSimulator.ActiveCfg = Release|iPhoneSimulator
		{1756D51F-7E0B-4201-9B22-490048CCBF6F}.Release|iPhoneSimulator.Build.0 = Release|iPhoneSimulator
	EndGlobalSection
	GlobalSection(SolutionProperties) = preSolution
		HideSolutionNode = FALSE
	EndGlobalSection
	GlobalSection(ExtensibilityGlobals) = postSolution
		SolutionGuid = {718893D6-DC19-40EB-B018-DBA2771C7EAE}
	EndGlobalSection
EndGlobal
